
Microsoft Visual Studio Solution File, Format Version 12.00
# Visual Studio Version 16
VisualStudioVersion = 25.0.1700.1
MinimumVisualStudioVersion = 10.0.40219.1
Project("{FAE04EC0-301F-11D3-BF4B-00C04F79EFBC}") = "SimpleWebsite", "SimpleWebsite\SimpleWebsite.csproj", "{D74DEDD5-565E-4B75-A608-B82A347C5BED}"
EndProject
Global
	GlobalSection(SolutionConfigurationPlatforms) = preSolution
		Debug|Any CPU = Debug|Any CPU
		Release|Any CPU = Release|Any CPU
	EndGlobalSection
	GlobalSection(ProjectConfigurationPlatforms) = postSolution
		{D74DEDD5-565E-4B75-A608-B82A347C5BED}.Debug|Any CPU.ActiveCfg = Debug|Any CPU
		{D74DEDD5-565E-4B75-A608-B82A347C5BED}.Debug|Any CPU.Build.0 = Debug|Any CPU
		{D74DEDD5-565E-4B75-A608-B82A347C5BED}.Release|Any CPU.ActiveCfg = Release|Any CPU
		{D74DEDD5-565E-4B75-A608-B82A347C5BED}.Release|Any CPU.Build.0 = Release|Any CPU
	EndGlobalSection
	GlobalSection(SolutionProperties) = preSolution
		HideSolutionNode = FALSE
	EndGlobalSection
	GlobalSection(ExtensibilityGlobals) = postSolution
		SolutionGuid = {01BAA1D0-9332-4416-BA55-033604AE3E94}
	EndGlobalSection
EndGlobal
